// !$*UTF8*$!
{
	archiveVersion = 1;
	classes = {
	};
	objectVersion = 46;
	objects = {

/* Begin PBXBuildFile section */
		E04835A61ACA9A4200BE745C /* main.m in Sources */ = {isa = PBXBuildFile; fileRef = E04835A51ACA9A4200BE745C /* main.m */; };
		E04835A91ACA9A4200BE745C /* AppDelegate.m in Sources */ = {isa = PBXBuildFile; fileRef = E04835A81ACA9A4200BE745C /* AppDelegate.m */; };
		E04835AC1ACA9A4200BE745C /* SimpleReminder.xcdatamodeld in Sources */ = {isa = PBXBuildFile; fileRef = E04835AA1ACA9A4200BE745C /* SimpleReminder.xcdatamodeld */; };
		E04835B51ACA9A4200BE745C /* Main.storyboard in Resources */ = {isa = PBXBuildFile; fileRef = E04835B31ACA9A4200BE745C /* Main.storyboard */; };
		E04835B71ACA9A4200BE745C /* Images.xcassets in Resources */ = {isa = PBXBuildFile; fileRef = E04835B61ACA9A4200BE745C /* Images.xcassets */; };
		E04835BA1ACA9A4200BE745C /* LaunchScreen.xib in Resources */ = {isa = PBXBuildFile; fileRef = E04835B81ACA9A4200BE745C /* LaunchScreen.xib */; };
		E04835C61ACA9A4200BE745C /* SimpleReminderTests.m in Sources */ = {isa = PBXBuildFile; fileRef = E04835C51ACA9A4200BE745C /* SimpleReminderTests.m */; };
		E04835D21ACA9B0400BE745C /* RJDataManager.m in Sources */ = {isa = PBXBuildFile; fileRef = E04835D11ACA9B0400BE745C /* RJDataManager.m */; };
		E04835D51ACAACC800BE745C /* RJEventsController.m in Sources */ = {isa = PBXBuildFile; fileRef = E04835D41ACAACC800BE745C /* RJEventsController.m */; };
		E04835D81ACAAD5400BE745C /* RJCoreDataTableViewController.m in Sources */ = {isa = PBXBuildFile; fileRef = E04835D71ACAAD5400BE745C /* RJCoreDataTableViewController.m */; };
		E07097D71ACAB25C0034C2BB /* RJEvent.m in Sources */ = {isa = PBXBuildFile; fileRef = E07097D61ACAB25C0034C2BB /* RJEvent.m */; };
/* End PBXBuildFile section */

/* Begin PBXContainerItemProxy section */
		E04835C01ACA9A4200BE745C /* PBXContainerItemProxy */ = {
			isa = PBXContainerItemProxy;
			containerPortal = E04835981ACA9A4100BE745C /* Project object */;
			proxyType = 1;
			remoteGlobalIDString = E048359F1ACA9A4200BE745C;
			remoteInfo = SimpleReminder;
		};
/* End PBXContainerItemProxy section */

/* Begin PBXFileReference section */
		E04835A01ACA9A4200BE745C /* SimpleReminder.app */ = {isa = PBXFileReference; explicitFileType = wrapper.application; includeInIndex = 0; path = SimpleReminder.app; sourceTree = BUILT_PRODUCTS_DIR; };
		E04835A41ACA9A4200BE745C /* Info.plist */ = {isa = PBXFileReference; lastKnownFileType = text.plist.xml; path = Info.plist; sourceTree = "<group>"; };
		E04835A51ACA9A4200BE745C /* main.m */ = {isa = PBXFileReference; lastKnownFileType = sourcecode.c.objc; path = main.m; sourceTree = "<group>"; };
		E04835A71ACA9A4200BE745C /* AppDelegate.h */ = {isa = PBXFileReference; lastKnownFileType = sourcecode.c.h; path = AppDelegate.h; sourceTree = "<group>"; };
		E04835A81ACA9A4200BE745C /* AppDelegate.m */ = {isa = PBXFileReference; lastKnownFileType = sourcecode.c.objc; path = AppDelegate.m; sourceTree = "<group>"; };
		E04835AB1ACA9A4200BE745C /* SimpleReminder.xcdatamodel */ = {isa = PBXFileReference; lastKnownFileType = wrapper.xcdatamodel; path = SimpleReminder.xcdatamodel; sourceTree = "<group>"; };
		E04835B41ACA9A4200BE745C /* Base */ = {isa = PBXFileReference; lastKnownFileType = file.storyboard; name = Base; path = Base.lproj/Main.storyboard; sourceTree = "<group>"; };
		E04835B61ACA9A4200BE745C /* Images.xcassets */ = {isa = PBXFileReference; lastKnownFileType = folder.assetcatalog; path = Images.xcassets; sourceTree = "<group>"; };
		E04835B91ACA9A4200BE745C /* Base */ = {isa = PBXFileReference; lastKnownFileType = file.xib; name = Base; path = Base.lproj/LaunchScreen.xib; sourceTree = "<group>"; };
		E04835BF1ACA9A4200BE745C /* SimpleReminderTests.xctest */ = {isa = PBXFileReference; explicitFileType = wrapper.cfbundle; includeInIndex = 0; path = SimpleReminderTests.xctest; sourceTree = BUILT_PRODUCTS_DIR; };
		E04835C41ACA9A4200BE745C /* Info.plist */ = {isa = PBXFileReference; lastKnownFileType = text.plist.xml; path = Info.plist; sourceTree = "<group>"; };
		E04835C51ACA9A4200BE745C /* SimpleReminderTests.m */ = {isa = PBXFileReference; lastKnownFileType = sourcecode.c.objc; path = SimpleReminderTests.m; sourceTree = "<group>"; };
		E04835D01ACA9B0400BE745C /* RJDataManager.h */ = {isa = PBXFileReference; fileEncoding = 4; lastKnownFileType = sourcecode.c.h; path = RJDataManager.h; sourceTree = "<group>"; };
		E04835D11ACA9B0400BE745C /* RJDataManager.m */ = {isa = PBXFileReference; fileEncoding = 4; lastKnownFileType = sourcecode.c.objc; path = RJDataManager.m; sourceTree = "<group>"; };
		E04835D31ACAACC800BE745C /* RJEventsController.h */ = {isa = PBXFileReference; fileEncoding = 4; lastKnownFileType = sourcecode.c.h; path = RJEventsController.h; sourceTree = "<group>"; };
		E04835D41ACAACC800BE745C /* RJEventsController.m */ = {isa = PBXFileReference; fileEncoding = 4; lastKnownFileType = sourcecode.c.objc; path = RJEventsController.m; sourceTree = "<group>"; };
		E04835D61ACAAD5400BE745C /* RJCoreDataTableViewController.h */ = {isa = PBXFileReference; fileEncoding = 4; lastKnownFileType = sourcecode.c.h; path = RJCoreDataTableViewController.h; sourceTree = "<group>"; };
		E04835D71ACAAD5400BE745C /* RJCoreDataTableViewController.m */ = {isa = PBXFileReference; fileEncoding = 4; lastKnownFileType = sourcecode.c.objc; path = RJCoreDataTableViewController.m; sourceTree = "<group>"; };
		E07097D51ACAB25C0034C2BB /* RJEvent.h */ = {isa = PBXFileReference; fileEncoding = 4; lastKnownFileType = sourcecode.c.h; path = RJEvent.h; sourceTree = "<group>"; };
		E07097D61ACAB25C0034C2BB /* RJEvent.m */ = {isa = PBXFileReference; fileEncoding = 4; lastKnownFileType = sourcecode.c.objc; path = RJEvent.m; sourceTree = "<group>"; };
/* End PBXFileReference section */

/* Begin PBXFrameworksBuildPhase section */
		E048359D1ACA9A4200BE745C /* Frameworks */ = {
			isa = PBXFrameworksBuildPhase;
			buildActionMask = 2147483647;
			files = (
			);
			runOnlyForDeploymentPostprocessing = 0;
		};
		E04835BC1ACA9A4200BE745C /* Frameworks */ = {
			isa = PBXFrameworksBuildPhase;
			buildActionMask = 2147483647;
			files = (
			);
			runOnlyForDeploymentPostprocessing = 0;
		};
/* End PBXFrameworksBuildPhase section */

/* Begin PBXGroup section */
		E04835971ACA9A4100BE745C = {
			isa = PBXGroup;
			children = (
				E04835A21ACA9A4200BE745C /* SimpleReminder */,
				E04835C21ACA9A4200BE745C /* SimpleReminderTests */,
				E04835A11ACA9A4200BE745C /* Products */,
			);
			sourceTree = "<group>";
		};
		E04835A11ACA9A4200BE745C /* Products */ = {
			isa = PBXGroup;
			children = (
				E04835A01ACA9A4200BE745C /* SimpleReminder.app */,
				E04835BF1ACA9A4200BE745C /* SimpleReminderTests.xctest */,
			);
			name = Products;
			sourceTree = "<group>";
		};
		E04835A21ACA9A4200BE745C /* SimpleReminder */ = {
			isa = PBXGroup;
			children = (
				E04835CF1ACA9ADF00BE745C /* Singleton */,
				E04835A71ACA9A4200BE745C /* AppDelegate.h */,
				E04835A81ACA9A4200BE745C /* AppDelegate.m */,
				E07097D41ACAB2320034C2BB /* Models */,
				E04835D91ACAB03800BE745C /* Model Controllers */,
				E04835B31ACA9A4200BE745C /* Main.storyboard */,
				E04835B61ACA9A4200BE745C /* Images.xcassets */,
				E04835B81ACA9A4200BE745C /* LaunchScreen.xib */,
				E04835AA1ACA9A4200BE745C /* SimpleReminder.xcdatamodeld */,
				E04835A31ACA9A4200BE745C /* Supporting Files */,
			);
			path = SimpleReminder;
			sourceTree = "<group>";
		};
		E04835A31ACA9A4200BE745C /* Supporting Files */ = {
			isa = PBXGroup;
			children = (
				E04835A41ACA9A4200BE745C /* Info.plist */,
				E04835A51ACA9A4200BE745C /* main.m */,
			);
			name = "Supporting Files";
			sourceTree = "<group>";
		};
		E04835C21ACA9A4200BE745C /* SimpleReminderTests */ = {
			isa = PBXGroup;
			children = (
				E04835C51ACA9A4200BE745C /* SimpleReminderTests.m */,
				E04835C31ACA9A4200BE745C /* Supporting Files */,
			);
			path = SimpleReminderTests;
			sourceTree = "<group>";
		};
		E04835C31ACA9A4200BE745C /* Supporting Files */ = {
			isa = PBXGroup;
			children = (
				E04835C41ACA9A4200BE745C /* Info.plist */,
			);
			name = "Supporting Files";
			sourceTree = "<group>";
		};
		E04835CF1ACA9ADF00BE745C /* Singleton */ = {
			isa = PBXGroup;
			children = (
				E04835D01ACA9B0400BE745C /* RJDataManager.h */,
				E04835D11ACA9B0400BE745C /* RJDataManager.m */,
			);
			name = Singleton;
			sourceTree = "<group>";
		};
		E04835D91ACAB03800BE745C /* Model Controllers */ = {
			isa = PBXGroup;
			children = (
				E04835D61ACAAD5400BE745C /* RJCoreDataTableViewController.h */,
				E04835D71ACAAD5400BE745C /* RJCoreDataTableViewController.m */,
				E04835D31ACAACC800BE745C /* RJEventsController.h */,
				E04835D41ACAACC800BE745C /* RJEventsController.m */,
			);
			name = "Model Controllers";
			sourceTree = "<group>";
		};
		E07097D41ACAB2320034C2BB /* Models */ = {
			isa = PBXGroup;
			children = (
				E07097D51ACAB25C0034C2BB /* RJEvent.h */,
				E07097D61ACAB25C0034C2BB /* RJEvent.m */,
			);
			name = Models;
			sourceTree = "<group>";
		};
/* End PBXGroup section */

/* Begin PBXNativeTarget section */
		E048359F1ACA9A4200BE745C /* SimpleReminder */ = {
			isa = PBXNativeTarget;
			buildConfigurationList = E04835C91ACA9A4200BE745C /* Build configuration list for PBXNativeTarget "SimpleReminder" */;
			buildPhases = (
				E048359C1ACA9A4200BE745C /* Sources */,
				E048359D1ACA9A4200BE745C /* Frameworks */,
				E048359E1ACA9A4200BE745C /* Resources */,
			);
			buildRules = (
			);
			dependencies = (
			);
			name = SimpleReminder;
			productName = SimpleReminder;
			productReference = E04835A01ACA9A4200BE745C /* SimpleReminder.app */;
			productType = "com.apple.product-type.application";
		};
		E04835BE1ACA9A4200BE745C /* SimpleReminderTests */ = {
			isa = PBXNativeTarget;
			buildConfigurationList = E04835CC1ACA9A4200BE745C /* Build configuration list for PBXNativeTarget "SimpleReminderTests" */;
			buildPhases = (
				E04835BB1ACA9A4200BE745C /* Sources */,
				E04835BC1ACA9A4200BE745C /* Frameworks */,
				E04835BD1ACA9A4200BE745C /* Resources */,
			);
			buildRules = (
			);
			dependencies = (
				E04835C11ACA9A4200BE745C /* PBXTargetDependency */,
			);
			name = SimpleReminderTests;
			productName = SimpleReminderTests;
			productReference = E04835BF1ACA9A4200BE745C /* SimpleReminderTests.xctest */;
			productType = "com.apple.product-type.bundle.unit-test";
		};
/* End PBXNativeTarget section */

/* Begin PBXProject section */
		E04835981ACA9A4100BE745C /* Project object */ = {
			isa = PBXProject;
			attributes = {
				LastUpgradeCheck = 0620;
				ORGANIZATIONNAME = Hopreeeeenjust;
				TargetAttributes = {
					E048359F1ACA9A4200BE745C = {
						CreatedOnToolsVersion = 6.2;
					};
					E04835BE1ACA9A4200BE745C = {
						CreatedOnToolsVersion = 6.2;
						TestTargetID = E048359F1ACA9A4200BE745C;
					};
				};
			};
			buildConfigurationList = E048359B1ACA9A4200BE745C /* Build configuration list for PBXProject "SimpleReminder" */;
			compatibilityVersion = "Xcode 3.2";
			developmentRegion = English;
			hasScannedForEncodings = 0;
			knownRegions = (
				en,
				Base,
			);
			mainGroup = E04835971ACA9A4100BE745C;
			productRefGroup = E04835A11ACA9A4200BE745C /* Products */;
			projectDirPath = "";
			projectRoot = "";
			targets = (
				E048359F1ACA9A4200BE745C /* SimpleReminder */,
				E04835BE1ACA9A4200BE745C /* SimpleReminderTests */,
			);
		};
/* End PBXProject section */

/* Begin PBXResourcesBuildPhase section */
		E048359E1ACA9A4200BE745C /* Resources */ = {
			isa = PBXResourcesBuildPhase;
			buildActionMask = 2147483647;
			files = (
				E04835B51ACA9A4200BE745C /* Main.storyboard in Resources */,
				E04835BA1ACA9A4200BE745C /* LaunchScreen.xib in Resources */,
				E04835B71ACA9A4200BE745C /* Images.xcassets in Resources */,
			);
			runOnlyForDeploymentPostprocessing = 0;
		};
		E04835BD1ACA9A4200BE745C /* Resources */ = {
			isa = PBXResourcesBuildPhase;
			buildActionMask = 2147483647;
			files = (
			);
			runOnlyForDeploymentPostprocessing = 0;
		};
/* End PBXResourcesBuildPhase section */

/* Begin PBXSourcesBuildPhase section */
		E048359C1ACA9A4200BE745C /* Sources */ = {
			isa = PBXSourcesBuildPhase;
			buildActionMask = 2147483647;
			files = (
				E04835D51ACAACC800BE745C /* RJEventsController.m in Sources */,
				E04835A91ACA9A4200BE745C /* AppDelegate.m in Sources */,
				E04835A61ACA9A4200BE745C /* main.m in Sources */,
				E04835AC1ACA9A4200BE745C /* SimpleReminder.xcdatamodeld in Sources */,
				E07097D71ACAB25C0034C2BB /* RJEvent.m in Sources */,
				E04835D21ACA9B0400BE745C /* RJDataManager.m in Sources */,
				E04835D81ACAAD5400BE745C /* RJCoreDataTableViewController.m in Sources */,
			);
			runOnlyForDeploymentPostprocessing = 0;
		};
		E04835BB1ACA9A4200BE745C /* Sources */ = {
			isa = PBXSourcesBuildPhase;
			buildActionMask = 2147483647;
			files = (
				E04835C61ACA9A4200BE745C /* SimpleReminderTests.m in Sources */,
			);
			runOnlyForDeploymentPostprocessing = 0;
		};
/* End PBXSourcesBuildPhase section */

/* Begin PBXTargetDependency section */
		E04835C11ACA9A4200BE745C /* PBXTargetDependency */ = {
			isa = PBXTargetDependency;
			target = E048359F1ACA9A4200BE745C /* SimpleReminder */;
			targetProxy = E04835C01ACA9A4200BE745C /* PBXContainerItemProxy */;
		};
/* End PBXTargetDependency section */

/* Begin PBXVariantGroup section */
		E04835B31ACA9A4200BE745C /* Main.storyboard */ = {
			isa = PBXVariantGroup;
			children = (
				E04835B41ACA9A4200BE745C /* Base */,
			);
			name = Main.storyboard;
			sourceTree = "<group>";
		};
		E04835B81ACA9A4200BE745C /* LaunchScreen.xib */ = {
			isa = PBXVariantGroup;
			children = (
				E04835B91ACA9A4200BE745C /* Base */,
			);
			name = LaunchScreen.xib;
			sourceTree = "<group>";
		};
/* End PBXVariantGroup section */

/* Begin XCBuildConfiguration section */
		E04835C71ACA9A4200BE745C /* Debug */ = {
			isa = XCBuildConfiguration;
			buildSettings = {
				ALWAYS_SEARCH_USER_PATHS = NO;
				CLANG_CXX_LANGUAGE_STANDARD = "gnu++0x";
				CLANG_CXX_LIBRARY = "libc++";
				CLANG_ENABLE_MODULES = YES;
				CLANG_ENABLE_OBJC_ARC = YES;
				CLANG_WARN_BOOL_CONVERSION = YES;
				CLANG_WARN_CONSTANT_CONVERSION = YES;
				CLANG_WARN_DIRECT_OBJC_ISA_USAGE = YES_ERROR;
				CLANG_WARN_EMPTY_BODY = YES;
				CLANG_WARN_ENUM_CONVERSION = YES;
				CLANG_WARN_INT_CONVERSION = YES;
				CLANG_WARN_OBJC_ROOT_CLASS = YES_ERROR;
				CLANG_WARN_UNREACHABLE_CODE = YES;
				CLANG_WARN__DUPLICATE_METHOD_MATCH = YES;
				"CODE_SIGN_IDENTITY[sdk=iphoneos*]" = "iPhone Developer";
				COPY_PHASE_STRIP = NO;
				ENABLE_STRICT_OBJC_MSGSEND = YES;
				GCC_C_LANGUAGE_STANDARD = gnu99;
				GCC_DYNAMIC_NO_PIC = NO;
				GCC_OPTIMIZATION_LEVEL = 0;
				GCC_PREPROCESSOR_DEFINITIONS = (
					"DEBUG=1",
					"$(inherited)",
				);
				GCC_SYMBOLS_PRIVATE_EXTERN = NO;
				GCC_WARN_64_TO_32_BIT_CONVERSION = YES;
				GCC_WARN_ABOUT_RETURN_TYPE = YES_ERROR;
				GCC_WARN_UNDECLARED_SELECTOR = YES;
				GCC_WARN_UNINITIALIZED_AUTOS = YES_AGGRESSIVE;
				GCC_WARN_UNUSED_FUNCTION = YES;
				GCC_WARN_UNUSED_VARIABLE = YES;
				IPHONEOS_DEPLOYMENT_TARGET = 8.2;
				MTL_ENABLE_DEBUG_INFO = YES;
				ONLY_ACTIVE_ARCH = YES;
				SDKROOT = iphoneos;
			};
			name = Debug;
		};
		E04835C81ACA9A4200BE745C /* Release */ = {
			isa = XCBuildConfiguration;
			buildSettings = {
				ALWAYS_SEARCH_USER_PATHS = NO;
				CLANG_CXX_LANGUAGE_STANDARD = "gnu++0x";
				CLANG_CXX_LIBRARY = "libc++";
				CLANG_ENABLE_MODULES = YES;
				CLANG_ENABLE_OBJC_ARC = YES;
				CLANG_WARN_BOOL_CONVERSION = YES;
				CLANG_WARN_CONSTANT_CONVERSION = YES;
				CLANG_WARN_DIRECT_OBJC_ISA_USAGE = YES_ERROR;
				CLANG_WARN_EMPTY_BODY = YES;
				CLANG_WARN_ENUM_CONVERSION = YES;
				CLANG_WARN_INT_CONVERSION = YES;
				CLANG_WARN_OBJC_ROOT_CLASS = YES_ERROR;
				CLANG_WARN_UNREACHABLE_CODE = YES;
				CLANG_WARN__DUPLICATE_METHOD_MATCH = YES;
				"CODE_SIGN_IDENTITY[sdk=iphoneos*]" = "iPhone Developer";
				COPY_PHASE_STRIP = NO;
				ENABLE_NS_ASSERTIONS = NO;
				ENABLE_STRICT_OBJC_MSGSEND = YES;
				GCC_C_LANGUAGE_STANDARD = gnu99;
				GCC_WARN_64_TO_32_BIT_CONVERSION = YES;
				GCC_WARN_ABOUT_RETURN_TYPE = YES_ERROR;
				GCC_WARN_UNDECLARED_SELECTOR = YES;
				GCC_WARN_UNINITIALIZED_AUTOS = YES_AGGRESSIVE;
				GCC_WARN_UNUSED_FUNCTION = YES;
				GCC_WARN_UNUSED_VARIABLE = YES;
				IPHONEOS_DEPLOYMENT_TARGET = 8.2;
				MTL_ENABLE_DEBUG_INFO = NO;
				SDKROOT = iphoneos;
				VALIDATE_PRODUCT = YES;
			};
			name = Release;
		};
		E04835CA1ACA9A4200BE745C /* Debug */ = {
			isa = XCBuildConfiguration;
			buildSettings = {
				ASSETCATALOG_COMPILER_APPICON_NAME = AppIcon;
				INFOPLIST_FILE = SimpleReminder/Info.plist;
				LD_RUNPATH_SEARCH_PATHS = "$(inherited) @executable_path/Frameworks";
				PRODUCT_NAME = "$(TARGET_NAME)";
			};
			name = Debug;
		};
		E04835CB1ACA9A4200BE745C /* Release */ = {
			isa = XCBuildConfiguration;
			buildSettings = {
				ASSETCATALOG_COMPILER_APPICON_NAME = AppIcon;
				INFOPLIST_FILE = SimpleReminder/Info.plist;
				LD_RUNPATH_SEARCH_PATHS = "$(inherited) @executable_path/Frameworks";
				PRODUCT_NAME = "$(TARGET_NAME)";
			};
			name = Release;
		};
		E04835CD1ACA9A4200BE745C /* Debug */ = {
			isa = XCBuildConfiguration;
			buildSettings = {
				BUNDLE_LOADER = "$(TEST_HOST)";
				FRAMEWORK_SEARCH_PATHS = (
					"$(SDKROOT)/Developer/Library/Frameworks",
					"$(inherited)",
				);
				GCC_PREPROCESSOR_DEFINITIONS = (
					"DEBUG=1",
					"$(inherited)",
				);
				INFOPLIST_FILE = SimpleReminderTests/Info.plist;
				LD_RUNPATH_SEARCH_PATHS = "$(inherited) @executable_path/Frameworks @loader_path/Frameworks";
				PRODUCT_NAME = "$(TARGET_NAME)";
				TEST_HOST = "$(BUILT_PRODUCTS_DIR)/SimpleReminder.app/SimpleReminder";
			};
			name = Debug;
		};
		E04835CE1ACA9A4200BE745C /* Release */ = {
			isa = XCBuildConfiguration;
			buildSettings = {
				BUNDLE_LOADER = "$(TEST_HOST)";
				FRAMEWORK_SEARCH_PATHS = (
					"$(SDKROOT)/Developer/Library/Frameworks",
					"$(inherited)",
				);
				INFOPLIST_FILE = SimpleReminderTests/Info.plist;
				LD_RUNPATH_SEARCH_PATHS = "$(inherited) @executable_path/Frameworks @loader_path/Frameworks";
				PRODUCT_NAME = "$(TARGET_NAME)";
				TEST_HOST = "$(BUILT_PRODUCTS_DIR)/SimpleReminder.app/SimpleReminder";
			};
			name = Release;
		};
/* End XCBuildConfiguration section */

/* Begin XCConfigurationList section */
		E048359B1ACA9A4200BE745C /* Build configuration list for PBXProject "SimpleReminder" */ = {
			isa = XCConfigurationList;
			buildConfigurations = (
				E04835C71ACA9A4200BE745C /* Debug */,
				E04835C81ACA9A4200BE745C /* Release */,
			);
			defaultConfigurationIsVisible = 0;
			defaultConfigurationName = Release;
		};
		E04835C91ACA9A4200BE745C /* Build configuration list for PBXNativeTarget "SimpleReminder" */ = {
			isa = XCConfigurationList;
			buildConfigurations = (
				E04835CA1ACA9A4200BE745C /* Debug */,
				E04835CB1ACA9A4200BE745C /* Release */,
			);
			defaultConfigurationIsVisible = 0;
			defaultConfigurationName = Release;
		};
		E04835CC1ACA9A4200BE745C /* Build configuration list for PBXNativeTarget "SimpleReminderTests" */ = {
			isa = XCConfigurationList;
			buildConfigurations = (
				E04835CD1ACA9A4200BE745C /* Debug */,
				E04835CE1ACA9A4200BE745C /* Release */,
			);
			defaultConfigurationIsVisible = 0;
			defaultConfigurationName = Release;
		};
/* End XCConfigurationList section */

/* Begin XCVersionGroup section */
		E04835AA1ACA9A4200BE745C /* SimpleReminder.xcdatamodeld */ = {
			isa = XCVersionGroup;
			children = (
				E04835AB1ACA9A4200BE745C /* SimpleReminder.xcdatamodel */,
			);
			currentVersion = E04835AB1ACA9A4200BE745C /* SimpleReminder.xcdatamodel */;
			path = SimpleReminder.xcdatamodeld;
			sourceTree = "<group>";
			versionGroupType = wrapper.xcdatamodel;
		};
/* End XCVersionGroup section */
	};
	rootObject = E04835981ACA9A4100BE745C /* Project object */;
}
